
Microsoft Visual Studio Solution File, Format Version 12.00
# Visual Studio 15
VisualStudioVersion = 15.0.27703.2018
MinimumVisualStudioVersion = 10.0.40219.1
Project("{FAE04EC0-301F-11D3-BF4B-00C04F79EFBC}") = "Practice2", "Practice2\Practice2.csproj", "{D5BA840B-980B-42BB-AA9B-CA17E3116A57}"
EndProject
Global
	GlobalSection(SolutionConfigurationPlatforms) = preSolution
		Debug|Any CPU = Debug|Any CPU
		Release|Any CPU = Release|Any CPU
	EndGlobalSection
	GlobalSection(ProjectConfigurationPlatforms) = postSolution
		{D5BA840B-980B-42BB-AA9B-CA17E3116A57}.Debug|Any CPU.ActiveCfg = Debug|Any CPU
		{D5BA840B-980B-42BB-AA9B-CA17E3116A57}.Debug|Any CPU.Build.0 = Debug|Any CPU
		{D5BA840B-980B-42BB-AA9B-CA17E3116A57}.Release|Any CPU.ActiveCfg = Release|Any CPU
		{D5BA840B-980B-42BB-AA9B-CA17E3116A57}.Release|Any CPU.Build.0 = Release|Any CPU
	EndGlobalSection
	GlobalSection(SolutionProperties) = preSolution
		HideSolutionNode = FALSE
	EndGlobalSection
	GlobalSection(ExtensibilityGlobals) = postSolution
		SolutionGuid = {FEBE6262-C180-4327-B4EB-4636415D021D}
	EndGlobalSection
EndGlobal
